
Microsoft Visual Studio Solution File, Format Version 12.00
# Visual Studio Version 16
VisualStudioVersion = 16.0.31515.178
MinimumVisualStudioVersion = 10.0.40219.1
Project("{9A19103F-16F7-4668-BE54-9A1E7A4F7556}") = "Detection", "Detection.csproj", "{D802ED19-A9AF-46BD-9AD8-E0C83552D8EE}"
EndProject
Project("{9A19103F-16F7-4668-BE54-9A1E7A4F7556}") = "MLModel_ConsoleApp", "..\MLModel_ConsoleApp\MLModel_ConsoleApp.csproj", "{63DC9134-3508-4FAB-89D8-15E4C8442731}"
EndProject
Global
	GlobalSection(SolutionConfigurationPlatforms) = preSolution
		Debug|Any CPU = Debug|Any CPU
		Release|Any CPU = Release|Any CPU
	EndGlobalSection
	GlobalSection(ProjectConfigurationPlatforms) = postSolution
		{D802ED19-A9AF-46BD-9AD8-E0C83552D8EE}.Debug|Any CPU.ActiveCfg = Debug|Any CPU
		{D802ED19-A9AF-46BD-9AD8-E0C83552D8EE}.Debug|Any CPU.Build.0 = Debug|Any CPU
		{D802ED19-A9AF-46BD-9AD8-E0C83552D8EE}.Release|Any CPU.ActiveCfg = Release|Any CPU
		{D802ED19-A9AF-46BD-9AD8-E0C83552D8EE}.Release|Any CPU.Build.0 = Release|Any CPU
		{63DC9134-3508-4FAB-89D8-15E4C8442731}.Debug|Any CPU.ActiveCfg = Debug|Any CPU
		{63DC9134-3508-4FAB-89D8-15E4C8442731}.Debug|Any CPU.Build.0 = Debug|Any CPU
		{63DC9134-3508-4FAB-89D8-15E4C8442731}.Release|Any CPU.ActiveCfg = Release|Any CPU
		{63DC9134-3508-4FAB-89D8-15E4C8442731}.Release|Any CPU.Build.0 = Release|Any CPU
	EndGlobalSection
	GlobalSection(SolutionProperties) = preSolution
		HideSolutionNode = FALSE
	EndGlobalSection
	GlobalSection(ExtensibilityGlobals) = postSolution
		SolutionGuid = {EC9A2331-4B9E-413F-AB7C-56AB51897DF7}
	EndGlobalSection
EndGlobal
